// !$*UTF8*$!
{
	archiveVersion = 1;
	classes = {
	};
	objectVersion = 51;
	objects = {

/* Begin PBXBuildFile section */
		04E44B20486B023F899ACDEA /* Pods_pomodoroTests.framework in Frameworks */ = {isa = PBXBuildFile; fileRef = 2DE9E95F8AF354E58B3E6783 /* Pods_pomodoroTests.framework */; };
		6730DE8F2663B6AA00A6B989 /* NewTaskSectionModel.swift in Sources */ = {isa = PBXBuildFile; fileRef = 6730DE8E2663B6AA00A6B989 /* NewTaskSectionModel.swift */; };
		6730DE912663B72100A6B989 /* TaskListSectionModel.swift in Sources */ = {isa = PBXBuildFile; fileRef = 6730DE902663B72100A6B989 /* TaskListSectionModel.swift */; };
		67351A40265679E400F1AE38 /* AppDelegate.swift in Sources */ = {isa = PBXBuildFile; fileRef = 67351A3F265679E400F1AE38 /* AppDelegate.swift */; };
		67351A42265679E400F1AE38 /* SceneDelegate.swift in Sources */ = {isa = PBXBuildFile; fileRef = 67351A41265679E400F1AE38 /* SceneDelegate.swift */; };
		67351A4A265679E400F1AE38 /* pomodoro.xcdatamodeld in Sources */ = {isa = PBXBuildFile; fileRef = 67351A48265679E400F1AE38 /* pomodoro.xcdatamodeld */; };
		67351A4C265679F700F1AE38 /* Assets.xcassets in Resources */ = {isa = PBXBuildFile; fileRef = 67351A4B265679F700F1AE38 /* Assets.xcassets */; };
		67351A4F265679F700F1AE38 /* LaunchScreen.storyboard in Resources */ = {isa = PBXBuildFile; fileRef = 67351A4D265679F700F1AE38 /* LaunchScreen.storyboard */; };
		67351A5A265679F800F1AE38 /* pomodoroTests.swift in Sources */ = {isa = PBXBuildFile; fileRef = 67351A59265679F800F1AE38 /* pomodoroTests.swift */; };
		67351A6726567E5800F1AE38 /* TimerController.swift in Sources */ = {isa = PBXBuildFile; fileRef = 67351A6626567E5800F1AE38 /* TimerController.swift */; };
		67351A6A2656814E00F1AE38 /* Color.swift in Sources */ = {isa = PBXBuildFile; fileRef = 67351A692656814E00F1AE38 /* Color.swift */; };
		67351A6D2656833A00F1AE38 /* UIView Extensions.swift in Sources */ = {isa = PBXBuildFile; fileRef = 67351A6C2656833A00F1AE38 /* UIView Extensions.swift */; };
		67351A6F26568D9E00F1AE38 /* TimerViewModel.swift in Sources */ = {isa = PBXBuildFile; fileRef = 67351A6E26568D9E00F1AE38 /* TimerViewModel.swift */; };
		67351A71265696EC00F1AE38 /* TimerManager.swift in Sources */ = {isa = PBXBuildFile; fileRef = 67351A70265696EC00F1AE38 /* TimerManager.swift */; };
		67351A732656A89300F1AE38 /* TimerView.swift in Sources */ = {isa = PBXBuildFile; fileRef = 67351A722656A89300F1AE38 /* TimerView.swift */; };
		673BB7582664E31E007495D0 /* Task+CoreDataClass.swift in Sources */ = {isa = PBXBuildFile; fileRef = 673BB7562664E31E007495D0 /* Task+CoreDataClass.swift */; };
		673BB7592664E31E007495D0 /* Task+CoreDataProperties.swift in Sources */ = {isa = PBXBuildFile; fileRef = 673BB7572664E31E007495D0 /* Task+CoreDataProperties.swift */; };
		673BB75B2664E74E007495D0 /* CoreDataManager.swift in Sources */ = {isa = PBXBuildFile; fileRef = 673BB75A2664E74E007495D0 /* CoreDataManager.swift */; };
		67857DB5266A22BC00D67D4B /* TimerManagerTest.swift in Sources */ = {isa = PBXBuildFile; fileRef = 67857DB4266A22BC00D67D4B /* TimerManagerTest.swift */; };
		67ACB8BF265D083200283FFB /* AppCoordinator.swift in Sources */ = {isa = PBXBuildFile; fileRef = 67ACB8BE265D083200283FFB /* AppCoordinator.swift */; };
		67ACB8C1265D0A6500283FFB /* TimerCoordinator.swift in Sources */ = {isa = PBXBuildFile; fileRef = 67ACB8C0265D0A6500283FFB /* TimerCoordinator.swift */; };
		67ACB8C5265D0CC000283FFB /* TaskListController.swift in Sources */ = {isa = PBXBuildFile; fileRef = 67ACB8C4265D0CC000283FFB /* TaskListController.swift */; };
		67ACB8C7265D13AB00283FFB /* TaskListCoordinator.swift in Sources */ = {isa = PBXBuildFile; fileRef = 67ACB8C6265D13AB00283FFB /* TaskListCoordinator.swift */; };
		67ACB8C9265D143700283FFB /* TaskListViewModel.swift in Sources */ = {isa = PBXBuildFile; fileRef = 67ACB8C8265D143700283FFB /* TaskListViewModel.swift */; };
		67B318D326611CAD0099D215 /* NewTaskController.swift in Sources */ = {isa = PBXBuildFile; fileRef = 67B318D226611CAD0099D215 /* NewTaskController.swift */; };
		67B318D626611E0D0099D215 /* NewTaskCoordinator.swift in Sources */ = {isa = PBXBuildFile; fileRef = 67B318D526611E0D0099D215 /* NewTaskCoordinator.swift */; };
		67B318D826611E770099D215 /* NewTaskViewModel.swift in Sources */ = {isa = PBXBuildFile; fileRef = 67B318D726611E770099D215 /* NewTaskViewModel.swift */; };
		67B318DA26612DA40099D215 /* NewTaskTextFieldCell.swift in Sources */ = {isa = PBXBuildFile; fileRef = 67B318D926612DA40099D215 /* NewTaskTextFieldCell.swift */; };
		67B318DC26614B6F0099D215 /* NewTaskTimePickerCell.swift in Sources */ = {isa = PBXBuildFile; fileRef = 67B318DB26614B6E0099D215 /* NewTaskTimePickerCell.swift */; };
		67C403432664D1FD005C1867 /* CoreDataService.swift in Sources */ = {isa = PBXBuildFile; fileRef = 67C403422664D1FD005C1867 /* CoreDataService.swift */; };
		67EC769C2668CD7B00A3F16B /* TimerViewModelTest.swift in Sources */ = {isa = PBXBuildFile; fileRef = 67EC769B2668CD7B00A3F16B /* TimerViewModelTest.swift */; };
		67EC76A22668EE0A00A3F16B /* TimerControllerTest.swift in Sources */ = {isa = PBXBuildFile; fileRef = 67EC76A12668EE0A00A3F16B /* TimerControllerTest.swift */; };
		EEC962CD48536D0D722B6816 /* Pods_pomodoro.framework in Frameworks */ = {isa = PBXBuildFile; fileRef = E83AEF173181C30DD0660310 /* Pods_pomodoro.framework */; };
/* End PBXBuildFile section */

/* Begin PBXContainerItemProxy section */
		67351A56265679F800F1AE38 /* PBXContainerItemProxy */ = {
			isa = PBXContainerItemProxy;
			containerPortal = 67351A34265679E300F1AE38 /* Project object */;
			proxyType = 1;
			remoteGlobalIDString = 67351A3B265679E400F1AE38;
			remoteInfo = pomodoro;
		};
/* End PBXContainerItemProxy section */

/* Begin PBXFileReference section */
		2DE9E95F8AF354E58B3E6783 /* Pods_pomodoroTests.framework */ = {isa = PBXFileReference; explicitFileType = wrapper.framework; includeInIndex = 0; path = Pods_pomodoroTests.framework; sourceTree = BUILT_PRODUCTS_DIR; };
		380D16A6B77014943A41E445 /* Pods-pomodoro.release.xcconfig */ = {isa = PBXFileReference; includeInIndex = 1; lastKnownFileType = text.xcconfig; name = "Pods-pomodoro.release.xcconfig"; path = "Target Support Files/Pods-pomodoro/Pods-pomodoro.release.xcconfig"; sourceTree = "<group>"; };
		6730DE8E2663B6AA00A6B989 /* NewTaskSectionModel.swift */ = {isa = PBXFileReference; lastKnownFileType = sourcecode.swift; path = NewTaskSectionModel.swift; sourceTree = "<group>"; };
		6730DE902663B72100A6B989 /* TaskListSectionModel.swift */ = {isa = PBXFileReference; lastKnownFileType = sourcecode.swift; path = TaskListSectionModel.swift; sourceTree = "<group>"; };
		67351A3C265679E400F1AE38 /* pomodoro.app */ = {isa = PBXFileReference; explicitFileType = wrapper.application; includeInIndex = 0; path = pomodoro.app; sourceTree = BUILT_PRODUCTS_DIR; };
		67351A3F265679E400F1AE38 /* AppDelegate.swift */ = {isa = PBXFileReference; lastKnownFileType = sourcecode.swift; path = AppDelegate.swift; sourceTree = "<group>"; };
		67351A41265679E400F1AE38 /* SceneDelegate.swift */ = {isa = PBXFileReference; lastKnownFileType = sourcecode.swift; path = SceneDelegate.swift; sourceTree = "<group>"; };
		67351A49265679E400F1AE38 /* pomodoro.xcdatamodel */ = {isa = PBXFileReference; lastKnownFileType = wrapper.xcdatamodel; path = pomodoro.xcdatamodel; sourceTree = "<group>"; };
		67351A4B265679F700F1AE38 /* Assets.xcassets */ = {isa = PBXFileReference; lastKnownFileType = folder.assetcatalog; path = Assets.xcassets; sourceTree = "<group>"; };
		67351A4E265679F700F1AE38 /* Base */ = {isa = PBXFileReference; lastKnownFileType = file.storyboard; name = Base; path = Base.lproj/LaunchScreen.storyboard; sourceTree = "<group>"; };
		67351A50265679F700F1AE38 /* Info.plist */ = {isa = PBXFileReference; lastKnownFileType = text.plist.xml; path = Info.plist; sourceTree = "<group>"; };
		67351A55265679F800F1AE38 /* pomodoroTests.xctest */ = {isa = PBXFileReference; explicitFileType = wrapper.cfbundle; includeInIndex = 0; path = pomodoroTests.xctest; sourceTree = BUILT_PRODUCTS_DIR; };
		67351A59265679F800F1AE38 /* pomodoroTests.swift */ = {isa = PBXFileReference; lastKnownFileType = sourcecode.swift; path = pomodoroTests.swift; sourceTree = "<group>"; };
		67351A5B265679F800F1AE38 /* Info.plist */ = {isa = PBXFileReference; lastKnownFileType = text.plist.xml; path = Info.plist; sourceTree = "<group>"; };
		67351A6626567E5800F1AE38 /* TimerController.swift */ = {isa = PBXFileReference; lastKnownFileType = sourcecode.swift; path = TimerController.swift; sourceTree = "<group>"; };
		67351A692656814E00F1AE38 /* Color.swift */ = {isa = PBXFileReference; lastKnownFileType = sourcecode.swift; path = Color.swift; sourceTree = "<group>"; };
		67351A6C2656833A00F1AE38 /* UIView Extensions.swift */ = {isa = PBXFileReference; lastKnownFileType = sourcecode.swift; path = "UIView Extensions.swift"; sourceTree = "<group>"; };
		67351A6E26568D9E00F1AE38 /* TimerViewModel.swift */ = {isa = PBXFileReference; lastKnownFileType = sourcecode.swift; path = TimerViewModel.swift; sourceTree = "<group>"; };
		67351A70265696EC00F1AE38 /* TimerManager.swift */ = {isa = PBXFileReference; lastKnownFileType = sourcecode.swift; path = TimerManager.swift; sourceTree = "<group>"; };
		67351A722656A89300F1AE38 /* TimerView.swift */ = {isa = PBXFileReference; lastKnownFileType = sourcecode.swift; path = TimerView.swift; sourceTree = "<group>"; };
		673BB7562664E31E007495D0 /* Task+CoreDataClass.swift */ = {isa = PBXFileReference; lastKnownFileType = sourcecode.swift; path = "Task+CoreDataClass.swift"; sourceTree = SOURCE_ROOT; };
		673BB7572664E31E007495D0 /* Task+CoreDataProperties.swift */ = {isa = PBXFileReference; lastKnownFileType = sourcecode.swift; path = "Task+CoreDataProperties.swift"; sourceTree = SOURCE_ROOT; };
		673BB75A2664E74E007495D0 /* CoreDataManager.swift */ = {isa = PBXFileReference; lastKnownFileType = sourcecode.swift; path = CoreDataManager.swift; sourceTree = "<group>"; };
		67857DB4266A22BC00D67D4B /* TimerManagerTest.swift */ = {isa = PBXFileReference; lastKnownFileType = sourcecode.swift; path = TimerManagerTest.swift; sourceTree = "<group>"; };
		67ACB8BE265D083200283FFB /* AppCoordinator.swift */ = {isa = PBXFileReference; lastKnownFileType = sourcecode.swift; path = AppCoordinator.swift; sourceTree = "<group>"; };
		67ACB8C0265D0A6500283FFB /* TimerCoordinator.swift */ = {isa = PBXFileReference; lastKnownFileType = sourcecode.swift; path = TimerCoordinator.swift; sourceTree = "<group>"; };
		67ACB8C4265D0CC000283FFB /* TaskListController.swift */ = {isa = PBXFileReference; lastKnownFileType = sourcecode.swift; path = TaskListController.swift; sourceTree = "<group>"; };
		67ACB8C6265D13AB00283FFB /* TaskListCoordinator.swift */ = {isa = PBXFileReference; lastKnownFileType = sourcecode.swift; path = TaskListCoordinator.swift; sourceTree = "<group>"; };
		67ACB8C8265D143700283FFB /* TaskListViewModel.swift */ = {isa = PBXFileReference; lastKnownFileType = sourcecode.swift; path = TaskListViewModel.swift; sourceTree = "<group>"; };
		67B318D226611CAD0099D215 /* NewTaskController.swift */ = {isa = PBXFileReference; lastKnownFileType = sourcecode.swift; path = NewTaskController.swift; sourceTree = "<group>"; };
		67B318D526611E0D0099D215 /* NewTaskCoordinator.swift */ = {isa = PBXFileReference; lastKnownFileType = sourcecode.swift; path = NewTaskCoordinator.swift; sourceTree = "<group>"; };
		67B318D726611E770099D215 /* NewTaskViewModel.swift */ = {isa = PBXFileReference; lastKnownFileType = sourcecode.swift; path = NewTaskViewModel.swift; sourceTree = "<group>"; };
		67B318D926612DA40099D215 /* NewTaskTextFieldCell.swift */ = {isa = PBXFileReference; lastKnownFileType = sourcecode.swift; path = NewTaskTextFieldCell.swift; sourceTree = "<group>"; };
		67B318DB26614B6E0099D215 /* NewTaskTimePickerCell.swift */ = {isa = PBXFileReference; lastKnownFileType = sourcecode.swift; path = NewTaskTimePickerCell.swift; sourceTree = "<group>"; };
		67C403422664D1FD005C1867 /* CoreDataService.swift */ = {isa = PBXFileReference; lastKnownFileType = sourcecode.swift; path = CoreDataService.swift; sourceTree = "<group>"; };
		67EC769B2668CD7B00A3F16B /* TimerViewModelTest.swift */ = {isa = PBXFileReference; lastKnownFileType = sourcecode.swift; path = TimerViewModelTest.swift; sourceTree = "<group>"; };
		67EC76A12668EE0A00A3F16B /* TimerControllerTest.swift */ = {isa = PBXFileReference; lastKnownFileType = sourcecode.swift; path = TimerControllerTest.swift; sourceTree = "<group>"; };
		A5428C2433340ABB0B6BAB85 /* Pods-pomodoroTests.release.xcconfig */ = {isa = PBXFileReference; includeInIndex = 1; lastKnownFileType = text.xcconfig; name = "Pods-pomodoroTests.release.xcconfig"; path = "Target Support Files/Pods-pomodoroTests/Pods-pomodoroTests.release.xcconfig"; sourceTree = "<group>"; };
		A6E242C5AF38A6A3821379E3 /* Pods-pomodoro.debug.xcconfig */ = {isa = PBXFileReference; includeInIndex = 1; lastKnownFileType = text.xcconfig; name = "Pods-pomodoro.debug.xcconfig"; path = "Target Support Files/Pods-pomodoro/Pods-pomodoro.debug.xcconfig"; sourceTree = "<group>"; };
		D4D9DE78642BC855C2F62AB7 /* Pods-pomodoroTests.debug.xcconfig */ = {isa = PBXFileReference; includeInIndex = 1; lastKnownFileType = text.xcconfig; name = "Pods-pomodoroTests.debug.xcconfig"; path = "Target Support Files/Pods-pomodoroTests/Pods-pomodoroTests.debug.xcconfig"; sourceTree = "<group>"; };
		E83AEF173181C30DD0660310 /* Pods_pomodoro.framework */ = {isa = PBXFileReference; explicitFileType = wrapper.framework; includeInIndex = 0; path = Pods_pomodoro.framework; sourceTree = BUILT_PRODUCTS_DIR; };
/* End PBXFileReference section */

/* Begin PBXFrameworksBuildPhase section */
		67351A39265679E400F1AE38 /* Frameworks */ = {
			isa = PBXFrameworksBuildPhase;
			buildActionMask = 2147483647;
			files = (
				EEC962CD48536D0D722B6816 /* Pods_pomodoro.framework in Frameworks */,
			);
			runOnlyForDeploymentPostprocessing = 0;
		};
		67351A52265679F800F1AE38 /* Frameworks */ = {
			isa = PBXFrameworksBuildPhase;
			buildActionMask = 2147483647;
			files = (
				04E44B20486B023F899ACDEA /* Pods_pomodoroTests.framework in Frameworks */,
			);
			runOnlyForDeploymentPostprocessing = 0;
		};
/* End PBXFrameworksBuildPhase section */

/* Begin PBXGroup section */
		67351A33265679E300F1AE38 = {
			isa = PBXGroup;
			children = (
				67351A3E265679E400F1AE38 /* pomodoro */,
				67351A58265679F800F1AE38 /* pomodoroTests */,
				67351A3D265679E400F1AE38 /* Products */,
				B1FF246A64670061FCA839BF /* Pods */,
				6DC6332DE75BAC9A8FA7D87E /* Frameworks */,
			);
			sourceTree = "<group>";
		};
		67351A3D265679E400F1AE38 /* Products */ = {
			isa = PBXGroup;
			children = (
				67351A3C265679E400F1AE38 /* pomodoro.app */,
				67351A55265679F800F1AE38 /* pomodoroTests.xctest */,
			);
			name = Products;
			sourceTree = "<group>";
		};
		67351A3E265679E400F1AE38 /* pomodoro */ = {
			isa = PBXGroup;
			children = (
				67351A3F265679E400F1AE38 /* AppDelegate.swift */,
				67351A41265679E400F1AE38 /* SceneDelegate.swift */,
				67351A50265679F700F1AE38 /* Info.plist */,
				67ACB8C2265D0C5500283FFB /* Models */,
				67ACB8BD265D081000283FFB /* Coordinators */,
				67351A6526567E0700F1AE38 /* Timer */,
				67ACB8C3265D0CA400283FFB /* TaskList */,
				67B318D426611DE60099D215 /* NewTask */,
				67351A6426567DFD00F1AE38 /* Resources */,
			);
			path = pomodoro;
			sourceTree = "<group>";
		};
		67351A58265679F800F1AE38 /* pomodoroTests */ = {
			isa = PBXGroup;
			children = (
				67EC76982668CD4800A3F16B /* TimerTests */,
				67EC76972668CD0C00A3F16B /* DataService */,
				67351A59265679F800F1AE38 /* pomodoroTests.swift */,
				67351A5B265679F800F1AE38 /* Info.plist */,
			);
			path = pomodoroTests;
			sourceTree = "<group>";
		};
		67351A6426567DFD00F1AE38 /* Resources */ = {
			isa = PBXGroup;
			children = (
				67C403402664CFA5005C1867 /* Services */,
				67DD177B265BFAB100952BEB /* Managers */,
				67351A6B2656827300F1AE38 /* Extensions */,
				67351A682656813E00F1AE38 /* Data */,
				67351A4B265679F700F1AE38 /* Assets.xcassets */,
				67351A4D265679F700F1AE38 /* LaunchScreen.storyboard */,
				67351A48265679E400F1AE38 /* pomodoro.xcdatamodeld */,
			);
			path = Resources;
			sourceTree = "<group>";
		};
		67351A6526567E0700F1AE38 /* Timer */ = {
			isa = PBXGroup;
			children = (
				67351A6E26568D9E00F1AE38 /* TimerViewModel.swift */,
				67351A6626567E5800F1AE38 /* TimerController.swift */,
				67351A722656A89300F1AE38 /* TimerView.swift */,
				67351A70265696EC00F1AE38 /* TimerManager.swift */,
			);
			path = Timer;
			sourceTree = "<group>";
		};
		67351A682656813E00F1AE38 /* Data */ = {
			isa = PBXGroup;
			children = (
				67351A692656814E00F1AE38 /* Color.swift */,
			);
			path = Data;
			sourceTree = "<group>";
		};
		67351A6B2656827300F1AE38 /* Extensions */ = {
			isa = PBXGroup;
			children = (
				67351A6C2656833A00F1AE38 /* UIView Extensions.swift */,
			);
			path = Extensions;
			sourceTree = "<group>";
		};
		67ACB8BD265D081000283FFB /* Coordinators */ = {
			isa = PBXGroup;
			children = (
				67ACB8BE265D083200283FFB /* AppCoordinator.swift */,
				67ACB8C0265D0A6500283FFB /* TimerCoordinator.swift */,
				67ACB8C6265D13AB00283FFB /* TaskListCoordinator.swift */,
				67B318D526611E0D0099D215 /* NewTaskCoordinator.swift */,
			);
			path = Coordinators;
			sourceTree = "<group>";
		};
		67ACB8C2265D0C5500283FFB /* Models */ = {
			isa = PBXGroup;
			children = (
				673BB7562664E31E007495D0 /* Task+CoreDataClass.swift */,
				673BB7572664E31E007495D0 /* Task+CoreDataProperties.swift */,
				6730DE8E2663B6AA00A6B989 /* NewTaskSectionModel.swift */,
				6730DE902663B72100A6B989 /* TaskListSectionModel.swift */,
			);
			path = Models;
			sourceTree = "<group>";
		};
		67ACB8C3265D0CA400283FFB /* TaskList */ = {
			isa = PBXGroup;
			children = (
				67ACB8C4265D0CC000283FFB /* TaskListController.swift */,
				67ACB8C8265D143700283FFB /* TaskListViewModel.swift */,
			);
			path = TaskList;
			sourceTree = "<group>";
		};
		67B318D426611DE60099D215 /* NewTask */ = {
			isa = PBXGroup;
			children = (
				67B318D226611CAD0099D215 /* NewTaskController.swift */,
				67B318D726611E770099D215 /* NewTaskViewModel.swift */,
				67B318D926612DA40099D215 /* NewTaskTextFieldCell.swift */,
				67B318DB26614B6E0099D215 /* NewTaskTimePickerCell.swift */,
			);
			path = NewTask;
			sourceTree = "<group>";
		};
		67C403402664CFA5005C1867 /* Services */ = {
			isa = PBXGroup;
			children = (
				67C403412664CFB0005C1867 /* DataService */,
			);
			path = Services;
			sourceTree = "<group>";
		};
		67C403412664CFB0005C1867 /* DataService */ = {
			isa = PBXGroup;
			children = (
				67C403422664D1FD005C1867 /* CoreDataService.swift */,
				673BB75A2664E74E007495D0 /* CoreDataManager.swift */,
			);
			path = DataService;
			sourceTree = "<group>";
		};
		67DD177B265BFAB100952BEB /* Managers */ = {
			isa = PBXGroup;
			children = (
			);
			path = Managers;
			sourceTree = "<group>";
		};
		67EC76972668CD0C00A3F16B /* DataService */ = {
			isa = PBXGroup;
			children = (
			);
			path = DataService;
			sourceTree = "<group>";
		};
		67EC76982668CD4800A3F16B /* TimerTests */ = {
			isa = PBXGroup;
			children = (
				67EC769B2668CD7B00A3F16B /* TimerViewModelTest.swift */,
				67EC76A12668EE0A00A3F16B /* TimerControllerTest.swift */,
				67857DB4266A22BC00D67D4B /* TimerManagerTest.swift */,
			);
			path = TimerTests;
			sourceTree = "<group>";
		};
		6DC6332DE75BAC9A8FA7D87E /* Frameworks */ = {
			isa = PBXGroup;
			children = (
				E83AEF173181C30DD0660310 /* Pods_pomodoro.framework */,
				2DE9E95F8AF354E58B3E6783 /* Pods_pomodoroTests.framework */,
			);
			name = Frameworks;
			sourceTree = "<group>";
		};
		B1FF246A64670061FCA839BF /* Pods */ = {
			isa = PBXGroup;
			children = (
				A6E242C5AF38A6A3821379E3 /* Pods-pomodoro.debug.xcconfig */,
				380D16A6B77014943A41E445 /* Pods-pomodoro.release.xcconfig */,
				D4D9DE78642BC855C2F62AB7 /* Pods-pomodoroTests.debug.xcconfig */,
				A5428C2433340ABB0B6BAB85 /* Pods-pomodoroTests.release.xcconfig */,
			);
			path = Pods;
			sourceTree = "<group>";
		};
/* End PBXGroup section */

/* Begin PBXNativeTarget section */
		67351A3B265679E400F1AE38 /* pomodoro */ = {
			isa = PBXNativeTarget;
			buildConfigurationList = 67351A5E265679F800F1AE38 /* Build configuration list for PBXNativeTarget "pomodoro" */;
			buildPhases = (
				11C75200C19D8979D170107F /* [CP] Check Pods Manifest.lock */,
				67351A38265679E400F1AE38 /* Sources */,
				67351A39265679E400F1AE38 /* Frameworks */,
				67351A3A265679E400F1AE38 /* Resources */,
				8A6D4FA3AD6FDFABB8B3BF06 /* [CP] Embed Pods Frameworks */,
			);
			buildRules = (
			);
			dependencies = (
			);
			name = pomodoro;
			productName = pomodoro;
			productReference = 67351A3C265679E400F1AE38 /* pomodoro.app */;
			productType = "com.apple.product-type.application";
		};
		67351A54265679F800F1AE38 /* pomodoroTests */ = {
			isa = PBXNativeTarget;
			buildConfigurationList = 67351A61265679F800F1AE38 /* Build configuration list for PBXNativeTarget "pomodoroTests" */;
			buildPhases = (
				D7DACF4E125A4AF62ED59EC6 /* [CP] Check Pods Manifest.lock */,
				67351A51265679F800F1AE38 /* Sources */,
				67351A52265679F800F1AE38 /* Frameworks */,
				67351A53265679F800F1AE38 /* Resources */,
				B8DF32DFE9DE9177864D1274 /* [CP] Embed Pods Frameworks */,
			);
			buildRules = (
			);
			dependencies = (
				67351A57265679F800F1AE38 /* PBXTargetDependency */,
			);
			name = pomodoroTests;
			productName = pomodoroTests;
			productReference = 67351A55265679F800F1AE38 /* pomodoroTests.xctest */;
			productType = "com.apple.product-type.bundle.unit-test";
		};
/* End PBXNativeTarget section */

/* Begin PBXProject section */
		67351A34265679E300F1AE38 /* Project object */ = {
			isa = PBXProject;
			attributes = {
				LastSwiftUpdateCheck = 1150;
				LastUpgradeCheck = 1150;
				ORGANIZATIONNAME = vlsuv;
				TargetAttributes = {
					67351A3B265679E400F1AE38 = {
						CreatedOnToolsVersion = 11.5;
					};
					67351A54265679F800F1AE38 = {
						CreatedOnToolsVersion = 11.5;
						TestTargetID = 67351A3B265679E400F1AE38;
					};
				};
			};
			buildConfigurationList = 67351A37265679E300F1AE38 /* Build configuration list for PBXProject "pomodoro" */;
			compatibilityVersion = "Xcode 9.3";
			developmentRegion = en;
			hasScannedForEncodings = 0;
			knownRegions = (
				en,
				Base,
			);
			mainGroup = 67351A33265679E300F1AE38;
			productRefGroup = 67351A3D265679E400F1AE38 /* Products */;
			projectDirPath = "";
			projectRoot = "";
			targets = (
				67351A3B265679E400F1AE38 /* pomodoro */,
				67351A54265679F800F1AE38 /* pomodoroTests */,
			);
		};
/* End PBXProject section */

/* Begin PBXResourcesBuildPhase section */
		67351A3A265679E400F1AE38 /* Resources */ = {
			isa = PBXResourcesBuildPhase;
			buildActionMask = 2147483647;
			files = (
				67351A4F265679F700F1AE38 /* LaunchScreen.storyboard in Resources */,
				67351A4C265679F700F1AE38 /* Assets.xcassets in Resources */,
			);
			runOnlyForDeploymentPostprocessing = 0;
		};
		67351A53265679F800F1AE38 /* Resources */ = {
			isa = PBXResourcesBuildPhase;
			buildActionMask = 2147483647;
			files = (
			);
			runOnlyForDeploymentPostprocessing = 0;
		};
/* End PBXResourcesBuildPhase section */

/* Begin PBXShellScriptBuildPhase section */
		11C75200C19D8979D170107F /* [CP] Check Pods Manifest.lock */ = {
			isa = PBXShellScriptBuildPhase;
			buildActionMask = 2147483647;
			files = (
			);
			inputFileListPaths = (
			);
			inputPaths = (
				"${PODS_PODFILE_DIR_PATH}/Podfile.lock",
				"${PODS_ROOT}/Manifest.lock",
			);
			name = "[CP] Check Pods Manifest.lock";
			outputFileListPaths = (
			);
			outputPaths = (
				"$(DERIVED_FILE_DIR)/Pods-pomodoro-checkManifestLockResult.txt",
			);
			runOnlyForDeploymentPostprocessing = 0;
			shellPath = /bin/sh;
			shellScript = "diff \"${PODS_PODFILE_DIR_PATH}/Podfile.lock\" \"${PODS_ROOT}/Manifest.lock\" > /dev/null\nif [ $? != 0 ] ; then\n    # print error to STDERR\n    echo \"error: The sandbox is not in sync with the Podfile.lock. Run 'pod install' or update your CocoaPods installation.\" >&2\n    exit 1\nfi\n# This output is used by Xcode 'outputs' to avoid re-running this script phase.\necho \"SUCCESS\" > \"${SCRIPT_OUTPUT_FILE_0}\"\n";
			showEnvVarsInLog = 0;
		};
		8A6D4FA3AD6FDFABB8B3BF06 /* [CP] Embed Pods Frameworks */ = {
			isa = PBXShellScriptBuildPhase;
			buildActionMask = 2147483647;
			files = (
			);
			inputFileListPaths = (
				"${PODS_ROOT}/Target Support Files/Pods-pomodoro/Pods-pomodoro-frameworks-${CONFIGURATION}-input-files.xcfilelist",
			);
			name = "[CP] Embed Pods Frameworks";
			outputFileListPaths = (
				"${PODS_ROOT}/Target Support Files/Pods-pomodoro/Pods-pomodoro-frameworks-${CONFIGURATION}-output-files.xcfilelist",
			);
			runOnlyForDeploymentPostprocessing = 0;
			shellPath = /bin/sh;
			shellScript = "\"${PODS_ROOT}/Target Support Files/Pods-pomodoro/Pods-pomodoro-frameworks.sh\"\n";
			showEnvVarsInLog = 0;
		};
		B8DF32DFE9DE9177864D1274 /* [CP] Embed Pods Frameworks */ = {
			isa = PBXShellScriptBuildPhase;
			buildActionMask = 2147483647;
			files = (
			);
			inputFileListPaths = (
				"${PODS_ROOT}/Target Support Files/Pods-pomodoroTests/Pods-pomodoroTests-frameworks-${CONFIGURATION}-input-files.xcfilelist",
			);
			name = "[CP] Embed Pods Frameworks";
			outputFileListPaths = (
				"${PODS_ROOT}/Target Support Files/Pods-pomodoroTests/Pods-pomodoroTests-frameworks-${CONFIGURATION}-output-files.xcfilelist",
			);
			runOnlyForDeploymentPostprocessing = 0;
			shellPath = /bin/sh;
			shellScript = "\"${PODS_ROOT}/Target Support Files/Pods-pomodoroTests/Pods-pomodoroTests-frameworks.sh\"\n";
			showEnvVarsInLog = 0;
		};
		D7DACF4E125A4AF62ED59EC6 /* [CP] Check Pods Manifest.lock */ = {
			isa = PBXShellScriptBuildPhase;
			buildActionMask = 2147483647;
			files = (
			);
			inputFileListPaths = (
			);
			inputPaths = (
				"${PODS_PODFILE_DIR_PATH}/Podfile.lock",
				"${PODS_ROOT}/Manifest.lock",
			);
			name = "[CP] Check Pods Manifest.lock";
			outputFileListPaths = (
			);
			outputPaths = (
				"$(DERIVED_FILE_DIR)/Pods-pomodoroTests-checkManifestLockResult.txt",
			);
			runOnlyForDeploymentPostprocessing = 0;
			shellPath = /bin/sh;
			shellScript = "diff \"${PODS_PODFILE_DIR_PATH}/Podfile.lock\" \"${PODS_ROOT}/Manifest.lock\" > /dev/null\nif [ $? != 0 ] ; then\n    # print error to STDERR\n    echo \"error: The sandbox is not in sync with the Podfile.lock. Run 'pod install' or update your CocoaPods installation.\" >&2\n    exit 1\nfi\n# This output is used by Xcode 'outputs' to avoid re-running this script phase.\necho \"SUCCESS\" > \"${SCRIPT_OUTPUT_FILE_0}\"\n";
			showEnvVarsInLog = 0;
		};
/* End PBXShellScriptBuildPhase section */

/* Begin PBXSourcesBuildPhase section */
		67351A38265679E400F1AE38 /* Sources */ = {
			isa = PBXSourcesBuildPhase;
			buildActionMask = 2147483647;
			files = (
				67B318DC26614B6F0099D215 /* NewTaskTimePickerCell.swift in Sources */,
				67351A732656A89300F1AE38 /* TimerView.swift in Sources */,
				67B318DA26612DA40099D215 /* NewTaskTextFieldCell.swift in Sources */,
				67ACB8C7265D13AB00283FFB /* TaskListCoordinator.swift in Sources */,
				6730DE8F2663B6AA00A6B989 /* NewTaskSectionModel.swift in Sources */,
				67C403432664D1FD005C1867 /* CoreDataService.swift in Sources */,
				67351A6F26568D9E00F1AE38 /* TimerViewModel.swift in Sources */,
				67B318D326611CAD0099D215 /* NewTaskController.swift in Sources */,
				67ACB8C5265D0CC000283FFB /* TaskListController.swift in Sources */,
				67ACB8C1265D0A6500283FFB /* TimerCoordinator.swift in Sources */,
				673BB75B2664E74E007495D0 /* CoreDataManager.swift in Sources */,
				67ACB8BF265D083200283FFB /* AppCoordinator.swift in Sources */,
				673BB7582664E31E007495D0 /* Task+CoreDataClass.swift in Sources */,
				67B318D626611E0D0099D215 /* NewTaskCoordinator.swift in Sources */,
				67B318D826611E770099D215 /* NewTaskViewModel.swift in Sources */,
				6730DE912663B72100A6B989 /* TaskListSectionModel.swift in Sources */,
				67351A71265696EC00F1AE38 /* TimerManager.swift in Sources */,
				67ACB8C9265D143700283FFB /* TaskListViewModel.swift in Sources */,
				67351A4A265679E400F1AE38 /* pomodoro.xcdatamodeld in Sources */,
				67351A6D2656833A00F1AE38 /* UIView Extensions.swift in Sources */,
				67351A6A2656814E00F1AE38 /* Color.swift in Sources */,
				67351A6726567E5800F1AE38 /* TimerController.swift in Sources */,
				67351A40265679E400F1AE38 /* AppDelegate.swift in Sources */,
				673BB7592664E31E007495D0 /* Task+CoreDataProperties.swift in Sources */,
				67351A42265679E400F1AE38 /* SceneDelegate.swift in Sources */,
			);
			runOnlyForDeploymentPostprocessing = 0;
		};
		67351A51265679F800F1AE38 /* Sources */ = {
			isa = PBXSourcesBuildPhase;
			buildActionMask = 2147483647;
			files = (
				67EC769C2668CD7B00A3F16B /* TimerViewModelTest.swift in Sources */,
				67857DB5266A22BC00D67D4B /* TimerManagerTest.swift in Sources */,
				67351A5A265679F800F1AE38 /* pomodoroTests.swift in Sources */,
				67EC76A22668EE0A00A3F16B /* TimerControllerTest.swift in Sources */,
			);
			runOnlyForDeploymentPostprocessing = 0;
		};
/* End PBXSourcesBuildPhase section */

/* Begin PBXTargetDependency section */
		67351A57265679F800F1AE38 /* PBXTargetDependency */ = {
			isa = PBXTargetDependency;
			target = 67351A3B265679E400F1AE38 /* pomodoro */;
			targetProxy = 67351A56265679F800F1AE38 /* PBXContainerItemProxy */;
		};
/* End PBXTargetDependency section */

/* Begin PBXVariantGroup section */
		67351A4D265679F700F1AE38 /* LaunchScreen.storyboard */ = {
			isa = PBXVariantGroup;
			children = (
				67351A4E265679F700F1AE38 /* Base */,
			);
			name = LaunchScreen.storyboard;
			sourceTree = "<group>";
		};
/* End PBXVariantGroup section */

/* Begin XCBuildConfiguration section */
		67351A5C265679F800F1AE38 /* Debug */ = {
			isa = XCBuildConfiguration;
			buildSettings = {
				ALWAYS_SEARCH_USER_PATHS = NO;
				CLANG_ANALYZER_NONNULL = YES;
				CLANG_ANALYZER_NUMBER_OBJECT_CONVERSION = YES_AGGRESSIVE;
				CLANG_CXX_LANGUAGE_STANDARD = "gnu++14";
				CLANG_CXX_LIBRARY = "libc++";
				CLANG_ENABLE_MODULES = YES;
				CLANG_ENABLE_OBJC_ARC = YES;
				CLANG_ENABLE_OBJC_WEAK = YES;
				CLANG_WARN_BLOCK_CAPTURE_AUTORELEASING = YES;
				CLANG_WARN_BOOL_CONVERSION = YES;
				CLANG_WARN_COMMA = YES;
				CLANG_WARN_CONSTANT_CONVERSION = YES;
				CLANG_WARN_DEPRECATED_OBJC_IMPLEMENTATIONS = YES;
				CLANG_WARN_DIRECT_OBJC_ISA_USAGE = YES_ERROR;
				CLANG_WARN_DOCUMENTATION_COMMENTS = YES;
				CLANG_WARN_EMPTY_BODY = YES;
				CLANG_WARN_ENUM_CONVERSION = YES;
				CLANG_WARN_INFINITE_RECURSION = YES;
				CLANG_WARN_INT_CONVERSION = YES;
				CLANG_WARN_NON_LITERAL_NULL_CONVERSION = YES;
				CLANG_WARN_OBJC_IMPLICIT_RETAIN_SELF = YES;
				CLANG_WARN_OBJC_LITERAL_CONVERSION = YES;
				CLANG_WARN_OBJC_ROOT_CLASS = YES_ERROR;
				CLANG_WARN_RANGE_LOOP_ANALYSIS = YES;
				CLANG_WARN_STRICT_PROTOTYPES = YES;
				CLANG_WARN_SUSPICIOUS_MOVE = YES;
				CLANG_WARN_UNGUARDED_AVAILABILITY = YES_AGGRESSIVE;
				CLANG_WARN_UNREACHABLE_CODE = YES;
				CLANG_WARN__DUPLICATE_METHOD_MATCH = YES;
				COPY_PHASE_STRIP = NO;
				DEBUG_INFORMATION_FORMAT = dwarf;
				ENABLE_STRICT_OBJC_MSGSEND = YES;
				ENABLE_TESTABILITY = YES;
				GCC_C_LANGUAGE_STANDARD = gnu11;
				GCC_DYNAMIC_NO_PIC = NO;
				GCC_NO_COMMON_BLOCKS = YES;
				GCC_OPTIMIZATION_LEVEL = 0;
				GCC_PREPROCESSOR_DEFINITIONS = (
					"DEBUG=1",
					"$(inherited)",
				);
				GCC_WARN_64_TO_32_BIT_CONVERSION = YES;
				GCC_WARN_ABOUT_RETURN_TYPE = YES_ERROR;
				GCC_WARN_UNDECLARED_SELECTOR = YES;
				GCC_WARN_UNINITIALIZED_AUTOS = YES_AGGRESSIVE;
				GCC_WARN_UNUSED_FUNCTION = YES;
				GCC_WARN_UNUSED_VARIABLE = YES;
				IPHONEOS_DEPLOYMENT_TARGET = 13.5;
				MTL_ENABLE_DEBUG_INFO = INCLUDE_SOURCE;
				MTL_FAST_MATH = YES;
				ONLY_ACTIVE_ARCH = YES;
				SDKROOT = iphoneos;
				SWIFT_ACTIVE_COMPILATION_CONDITIONS = DEBUG;
				SWIFT_OPTIMIZATION_LEVEL = "-Onone";
			};
			name = Debug;
		};
		67351A5D265679F800F1AE38 /* Release */ = {
			isa = XCBuildConfiguration;
			buildSettings = {
				ALWAYS_SEARCH_USER_PATHS = NO;
				CLANG_ANALYZER_NONNULL = YES;
				CLANG_ANALYZER_NUMBER_OBJECT_CONVERSION = YES_AGGRESSIVE;
				CLANG_CXX_LANGUAGE_STANDARD = "gnu++14";
				CLANG_CXX_LIBRARY = "libc++";
				CLANG_ENABLE_MODULES = YES;
				CLANG_ENABLE_OBJC_ARC = YES;
				CLANG_ENABLE_OBJC_WEAK = YES;
				CLANG_WARN_BLOCK_CAPTURE_AUTORELEASING = YES;
				CLANG_WARN_BOOL_CONVERSION = YES;
				CLANG_WARN_COMMA = YES;
				CLANG_WARN_CONSTANT_CONVERSION = YES;
				CLANG_WARN_DEPRECATED_OBJC_IMPLEMENTATIONS = YES;
				CLANG_WARN_DIRECT_OBJC_ISA_USAGE = YES_ERROR;
				CLANG_WARN_DOCUMENTATION_COMMENTS = YES;
				CLANG_WARN_EMPTY_BODY = YES;
				CLANG_WARN_ENUM_CONVERSION = YES;
				CLANG_WARN_INFINITE_RECURSION = YES;
				CLANG_WARN_INT_CONVERSION = YES;
				CLANG_WARN_NON_LITERAL_NULL_CONVERSION = YES;
				CLANG_WARN_OBJC_IMPLICIT_RETAIN_SELF = YES;
				CLANG_WARN_OBJC_LITERAL_CONVERSION = YES;
				CLANG_WARN_OBJC_ROOT_CLASS = YES_ERROR;
				CLANG_WARN_RANGE_LOOP_ANALYSIS = YES;
				CLANG_WARN_STRICT_PROTOTYPES = YES;
				CLANG_WARN_SUSPICIOUS_MOVE = YES;
				CLANG_WARN_UNGUARDED_AVAILABILITY = YES_AGGRESSIVE;
				CLANG_WARN_UNREACHABLE_CODE = YES;
				CLANG_WARN__DUPLICATE_METHOD_MATCH = YES;
				COPY_PHASE_STRIP = NO;
				DEBUG_INFORMATION_FORMAT = "dwarf-with-dsym";
				ENABLE_NS_ASSERTIONS = NO;
				ENABLE_STRICT_OBJC_MSGSEND = YES;
				GCC_C_LANGUAGE_STANDARD = gnu11;
				GCC_NO_COMMON_BLOCKS = YES;
				GCC_WARN_64_TO_32_BIT_CONVERSION = YES;
				GCC_WARN_ABOUT_RETURN_TYPE = YES_ERROR;
				GCC_WARN_UNDECLARED_SELECTOR = YES;
				GCC_WARN_UNINITIALIZED_AUTOS = YES_AGGRESSIVE;
				GCC_WARN_UNUSED_FUNCTION = YES;
				GCC_WARN_UNUSED_VARIABLE = YES;
				IPHONEOS_DEPLOYMENT_TARGET = 13.5;
				MTL_ENABLE_DEBUG_INFO = NO;
				MTL_FAST_MATH = YES;
				SDKROOT = iphoneos;
				SWIFT_COMPILATION_MODE = wholemodule;
				SWIFT_OPTIMIZATION_LEVEL = "-O";
				VALIDATE_PRODUCT = YES;
			};
			name = Release;
		};
		67351A5F265679F800F1AE38 /* Debug */ = {
			isa = XCBuildConfiguration;
			baseConfigurationReference = A6E242C5AF38A6A3821379E3 /* Pods-pomodoro.debug.xcconfig */;
			buildSettings = {
				ASSETCATALOG_COMPILER_APPICON_NAME = AppIcon;
				CODE_SIGN_STYLE = Automatic;
				DEVELOPMENT_TEAM = MWFAWW6L55;
				INFOPLIST_FILE = pomodoro/Info.plist;
				LD_RUNPATH_SEARCH_PATHS = (
					"$(inherited)",
					"@executable_path/Frameworks",
				);
				PRODUCT_BUNDLE_IDENTIFIER = com.pomodoro;
				PRODUCT_NAME = "$(TARGET_NAME)";
				SWIFT_VERSION = 5.0;
				TARGETED_DEVICE_FAMILY = 1;
			};
			name = Debug;
		};
		67351A60265679F800F1AE38 /* Release */ = {
			isa = XCBuildConfiguration;
			baseConfigurationReference = 380D16A6B77014943A41E445 /* Pods-pomodoro.release.xcconfig */;
			buildSettings = {
				ASSETCATALOG_COMPILER_APPICON_NAME = AppIcon;
				CODE_SIGN_STYLE = Automatic;
				DEVELOPMENT_TEAM = MWFAWW6L55;
				INFOPLIST_FILE = pomodoro/Info.plist;
				LD_RUNPATH_SEARCH_PATHS = (
					"$(inherited)",
					"@executable_path/Frameworks",
				);
				PRODUCT_BUNDLE_IDENTIFIER = com.pomodoro;
				PRODUCT_NAME = "$(TARGET_NAME)";
				SWIFT_VERSION = 5.0;
				TARGETED_DEVICE_FAMILY = 1;
			};
			name = Release;
		};
		67351A62265679F800F1AE38 /* Debug */ = {
			isa = XCBuildConfiguration;
			baseConfigurationReference = D4D9DE78642BC855C2F62AB7 /* Pods-pomodoroTests.debug.xcconfig */;
			buildSettings = {
				ALWAYS_EMBED_SWIFT_STANDARD_LIBRARIES = YES;
				BUNDLE_LOADER = "$(TEST_HOST)";
				CODE_SIGN_STYLE = Automatic;
				DEVELOPMENT_TEAM = MWFAWW6L55;
				INFOPLIST_FILE = pomodoroTests/Info.plist;
				IPHONEOS_DEPLOYMENT_TARGET = 13.5;
				LD_RUNPATH_SEARCH_PATHS = (
					"$(inherited)",
					"@executable_path/Frameworks",
					"@loader_path/Frameworks",
				);
				PRODUCT_BUNDLE_IDENTIFIER = com.pomodoroTests;
				PRODUCT_NAME = "$(TARGET_NAME)";
				SWIFT_VERSION = 5.0;
				TARGETED_DEVICE_FAMILY = "1,2";
				TEST_HOST = "$(BUILT_PRODUCTS_DIR)/pomodoro.app/pomodoro";
			};
			name = Debug;
		};
		67351A63265679F800F1AE38 /* Release */ = {
			isa = XCBuildConfiguration;
			baseConfigurationReference = A5428C2433340ABB0B6BAB85 /* Pods-pomodoroTests.release.xcconfig */;
			buildSettings = {
				ALWAYS_EMBED_SWIFT_STANDARD_LIBRARIES = YES;
				BUNDLE_LOADER = "$(TEST_HOST)";
				CODE_SIGN_STYLE = Automatic;
				DEVELOPMENT_TEAM = MWFAWW6L55;
				INFOPLIST_FILE = pomodoroTests/Info.plist;
				IPHONEOS_DEPLOYMENT_TARGET = 13.5;
				LD_RUNPATH_SEARCH_PATHS = (
					"$(inherited)",
					"@executable_path/Frameworks",
					"@loader_path/Frameworks",
				);
				PRODUCT_BUNDLE_IDENTIFIER = com.pomodoroTests;
				PRODUCT_NAME = "$(TARGET_NAME)";
				SWIFT_VERSION = 5.0;
				TARGETED_DEVICE_FAMILY = "1,2";
				TEST_HOST = "$(BUILT_PRODUCTS_DIR)/pomodoro.app/pomodoro";
			};
			name = Release;
		};
/* End XCBuildConfiguration section */

/* Begin XCConfigurationList section */
		67351A37265679E300F1AE38 /* Build configuration list for PBXProject "pomodoro" */ = {
			isa = XCConfigurationList;
			buildConfigurations = (
				67351A5C265679F800F1AE38 /* Debug */,
				67351A5D265679F800F1AE38 /* Release */,
			);
			defaultConfigurationIsVisible = 0;
			defaultConfigurationName = Release;
		};
		67351A5E265679F800F1AE38 /* Build configuration list for PBXNativeTarget "pomodoro" */ = {
			isa = XCConfigurationList;
			buildConfigurations = (
				67351A5F265679F800F1AE38 /* Debug */,
				67351A60265679F800F1AE38 /* Release */,
			);
			defaultConfigurationIsVisible = 0;
			defaultConfigurationName = Release;
		};
		67351A61265679F800F1AE38 /* Build configuration list for PBXNativeTarget "pomodoroTests" */ = {
			isa = XCConfigurationList;
			buildConfigurations = (
				67351A62265679F800F1AE38 /* Debug */,
				67351A63265679F800F1AE38 /* Release */,
			);
			defaultConfigurationIsVisible = 0;
			defaultConfigurationName = Release;
		};
/* End XCConfigurationList section */

/* Begin XCVersionGroup section */
		67351A48265679E400F1AE38 /* pomodoro.xcdatamodeld */ = {
			isa = XCVersionGroup;
			children = (
				67351A49265679E400F1AE38 /* pomodoro.xcdatamodel */,
			);
			currentVersion = 67351A49265679E400F1AE38 /* pomodoro.xcdatamodel */;
			path = pomodoro.xcdatamodeld;
			sourceTree = "<group>";
			versionGroupType = wrapper.xcdatamodel;
		};
/* End XCVersionGroup section */
	};
	rootObject = 67351A34265679E300F1AE38 /* Project object */;
}
